
Microsoft Visual Studio Solution File, Format Version 12.00
# Visual Studio Version 16
VisualStudioVersion = 16.0.30621.155
MinimumVisualStudioVersion = 10.0.40219.1
Project("{FAE04EC0-301F-11D3-BF4B-00C04F79EFBC}") = "Tree-Constructor", "Tree-Constructor\Tree-Constructor.csproj", "{CF9B9943-0144-4DDD-BC55-DCAF013043C7}"
EndProject
Global
	GlobalSection(SolutionConfigurationPlatforms) = preSolution
		Debug|Any CPU = Debug|Any CPU
		Release|Any CPU = Release|Any CPU
	EndGlobalSection
	GlobalSection(ProjectConfigurationPlatforms) = postSolution
		{CF9B9943-0144-4DDD-BC55-DCAF013043C7}.Debug|Any CPU.ActiveCfg = Debug|Any CPU
		{CF9B9943-0144-4DDD-BC55-DCAF013043C7}.Debug|Any CPU.Build.0 = Debug|Any CPU
		{CF9B9943-0144-4DDD-BC55-DCAF013043C7}.Release|Any CPU.ActiveCfg = Release|Any CPU
		{CF9B9943-0144-4DDD-BC55-DCAF013043C7}.Release|Any CPU.Build.0 = Release|Any CPU
	EndGlobalSection
	GlobalSection(SolutionProperties) = preSolution
		HideSolutionNode = FALSE
	EndGlobalSection
	GlobalSection(ExtensibilityGlobals) = postSolution
		SolutionGuid = {E0052EF0-876B-454E-88D0-29791C577575}
	EndGlobalSection
EndGlobal
